
Microsoft Visual Studio Solution File, Format Version 12.00
# Visual Studio Version 17
VisualStudioVersion = 17.12.35506.116
MinimumVisualStudioVersion = 10.0.40219.1
Project("{FAE04EC0-301F-11D3-BF4B-00C04F79EFBC}") = "DesignPatterns", "DesignPatterns\DesignPatterns.csproj", "{228AE1ED-A9B2-4446-B17F-FB19F0752C21}"
EndProject
Project("{FAE04EC0-301F-11D3-BF4B-00C04F79EFBC}") = "FactoryPattern", "FactoryPattern\FactoryPattern.csproj", "{A0F67964-92CF-445B-8054-AF823B4444CE}"
EndProject
Project("{FAE04EC0-301F-11D3-BF4B-00C04F79EFBC}") = "FactoryMethodPattern", "FactoryMethodPattern\FactoryMethodPattern.csproj", "{9D383E31-8A01-4F2F-A826-4C751BD643E1}"
EndProject
Project("{FAE04EC0-301F-11D3-BF4B-00C04F79EFBC}") = "SingletonPattern", "SingletonPattern\SingletonPattern.csproj", "{B7BB36B2-5ED3-4F80-BD76-99E21710D814}"
EndProject
Project("{FAE04EC0-301F-11D3-BF4B-00C04F79EFBC}") = "BuilderDesignPattern", "BuilderDesignPattern\BuilderDesignPattern.csproj", "{F216CDF9-73F9-4BAB-8030-CE720266510A}"
EndProject
Project("{FAE04EC0-301F-11D3-BF4B-00C04F79EFBC}") = "PrototypePattern", "PrototypePattern\PrototypePattern.csproj", "{D29A9CB6-CC82-4EC2-ACDB-9B5CAFEBAC43}"
EndProject
Global
	GlobalSection(SolutionConfigurationPlatforms) = preSolution
		Debug|Any CPU = Debug|Any CPU
		Release|Any CPU = Release|Any CPU
	EndGlobalSection
	GlobalSection(ProjectConfigurationPlatforms) = postSolution
		{228AE1ED-A9B2-4446-B17F-FB19F0752C21}.Debug|Any CPU.ActiveCfg = Debug|Any CPU
		{228AE1ED-A9B2-4446-B17F-FB19F0752C21}.Debug|Any CPU.Build.0 = Debug|Any CPU
		{228AE1ED-A9B2-4446-B17F-FB19F0752C21}.Release|Any CPU.ActiveCfg = Release|Any CPU
		{228AE1ED-A9B2-4446-B17F-FB19F0752C21}.Release|Any CPU.Build.0 = Release|Any CPU
		{A0F67964-92CF-445B-8054-AF823B4444CE}.Debug|Any CPU.ActiveCfg = Debug|Any CPU
		{A0F67964-92CF-445B-8054-AF823B4444CE}.Debug|Any CPU.Build.0 = Debug|Any CPU
		{A0F67964-92CF-445B-8054-AF823B4444CE}.Release|Any CPU.ActiveCfg = Release|Any CPU
		{A0F67964-92CF-445B-8054-AF823B4444CE}.Release|Any CPU.Build.0 = Release|Any CPU
		{9D383E31-8A01-4F2F-A826-4C751BD643E1}.Debug|Any CPU.ActiveCfg = Debug|Any CPU
		{9D383E31-8A01-4F2F-A826-4C751BD643E1}.Debug|Any CPU.Build.0 = Debug|Any CPU
		{9D383E31-8A01-4F2F-A826-4C751BD643E1}.Release|Any CPU.ActiveCfg = Release|Any CPU
		{9D383E31-8A01-4F2F-A826-4C751BD643E1}.Release|Any CPU.Build.0 = Release|Any CPU
		{B7BB36B2-5ED3-4F80-BD76-99E21710D814}.Debug|Any CPU.ActiveCfg = Debug|Any CPU
		{B7BB36B2-5ED3-4F80-BD76-99E21710D814}.Debug|Any CPU.Build.0 = Debug|Any CPU
		{B7BB36B2-5ED3-4F80-BD76-99E21710D814}.Release|Any CPU.ActiveCfg = Release|Any CPU
		{B7BB36B2-5ED3-4F80-BD76-99E21710D814}.Release|Any CPU.Build.0 = Release|Any CPU
		{F216CDF9-73F9-4BAB-8030-CE720266510A}.Debug|Any CPU.ActiveCfg = Debug|Any CPU
		{F216CDF9-73F9-4BAB-8030-CE720266510A}.Debug|Any CPU.Build.0 = Debug|Any CPU
		{F216CDF9-73F9-4BAB-8030-CE720266510A}.Release|Any CPU.ActiveCfg = Release|Any CPU
		{F216CDF9-73F9-4BAB-8030-CE720266510A}.Release|Any CPU.Build.0 = Release|Any CPU
		{D29A9CB6-CC82-4EC2-ACDB-9B5CAFEBAC43}.Debug|Any CPU.ActiveCfg = Debug|Any CPU
		{D29A9CB6-CC82-4EC2-ACDB-9B5CAFEBAC43}.Debug|Any CPU.Build.0 = Debug|Any CPU
		{D29A9CB6-CC82-4EC2-ACDB-9B5CAFEBAC43}.Release|Any CPU.ActiveCfg = Release|Any CPU
		{D29A9CB6-CC82-4EC2-ACDB-9B5CAFEBAC43}.Release|Any CPU.Build.0 = Release|Any CPU
	EndGlobalSection
	GlobalSection(SolutionProperties) = preSolution
		HideSolutionNode = FALSE
	EndGlobalSection
EndGlobal
